{
  "version": 4,
  "terraform_version": "1.3.8",
  "serial": 77,
  "lineage": "dcc2721b-45d4-f401-6dfe-718d7824f415",
  "outputs": {
    "bastion_instance_ip": {
      "value": "34.71.96.70",
      "type": "string"
    }
  },
  "resources": [
    {
      "module": "module.bigpro_subnet",
      "mode": "managed",
      "type": "google_compute_subnetwork",
      "name": "subnet",
      "provider": "provider[\"registry.terraform.io/hashicorp/google\"]",
      "instances": [
        {
          "schema_version": 0,
          "attributes": {
            "creation_timestamp": "2023-06-20T18:06:25.736-07:00",
            "description": "",
            "external_ipv6_prefix": "",
            "fingerprint": null,
            "gateway_address": "10.0.0.1",
            "id": "projects/studidevops-bigpro-fakhri/regions/us-central1/subnetworks/bigpro-subnet",
            "ip_cidr_range": "10.0.0.0/24",
            "ipv6_access_type": "",
            "ipv6_cidr_range": "",
            "log_config": [],
            "name": "bigpro-subnet",
            "network": "https://www.googleapis.com/compute/v1/projects/studidevops-bigpro-fakhri/global/networks/bigpro-vpc",
            "private_ip_google_access": false,
            "private_ipv6_google_access": "DISABLE_GOOGLE_ACCESS",
            "project": "studidevops-bigpro-fakhri",
            "purpose": "PRIVATE",
            "region": "us-central1",
            "role": "",
            "secondary_ip_range": [],
            "self_link": "https://www.googleapis.com/compute/v1/projects/studidevops-bigpro-fakhri/regions/us-central1/subnetworks/bigpro-subnet",
            "stack_type": "IPV4_ONLY",
            "timeouts": null
          },
          "sensitive_attributes": [],
          "private": "eyJlMmJmYjczMC1lY2FhLTExZTYtOGY4OC0zNDM2M2JjN2M0YzAiOnsiY3JlYXRlIjoxMjAwMDAwMDAwMDAwLCJkZWxldGUiOjEyMDAwMDAwMDAwMDAsInVwZGF0ZSI6MTIwMDAwMDAwMDAwMH19",
          "dependencies": [
            "module.bigpro_vpc.google_compute_network.network"
          ]
        }
      ]
    },
    {
      "module": "module.bigpro_vpc",
      "mode": "managed",
      "type": "google_compute_network",
      "name": "network",
      "provider": "provider[\"registry.terraform.io/hashicorp/google\"]",
      "instances": [
        {
          "schema_version": 0,
          "attributes": {
            "auto_create_subnetworks": false,
            "delete_default_routes_on_create": false,
            "description": "",
            "enable_ula_internal_ipv6": false,
            "gateway_ipv4": "",
            "id": "projects/studidevops-bigpro-fakhri/global/networks/bigpro-vpc",
            "internal_ipv6_range": "",
            "mtu": 0,
            "name": "bigpro-vpc",
            "network_firewall_policy_enforcement_order": "AFTER_CLASSIC_FIREWALL",
            "project": "studidevops-bigpro-fakhri",
            "routing_mode": "REGIONAL",
            "self_link": "https://www.googleapis.com/compute/v1/projects/studidevops-bigpro-fakhri/global/networks/bigpro-vpc",
            "timeouts": null
          },
          "sensitive_attributes": [],
          "private": "eyJlMmJmYjczMC1lY2FhLTExZTYtOGY4OC0zNDM2M2JjN2M0YzAiOnsiY3JlYXRlIjoxMjAwMDAwMDAwMDAwLCJkZWxldGUiOjEyMDAwMDAwMDAwMDAsInVwZGF0ZSI6MTIwMDAwMDAwMDAwMH19"
        }
      ]
    },
    {
      "module": "module.devops_bastion",
      "mode": "managed",
      "type": "google_compute_instance",
      "name": "compute_instance",
      "provider": "provider[\"registry.terraform.io/hashicorp/google\"]",
      "instances": [
        {
          "schema_version": 6,
          "attributes": {
            "advanced_machine_features": [],
            "allow_stopping_for_update": null,
            "attached_disk": [],
            "boot_disk": [
              {
                "auto_delete": true,
                "device_name": "persistent-disk-0",
                "disk_encryption_key_raw": "",
                "disk_encryption_key_sha256": "",
                "initialize_params": [
                  {
                    "image": "https://www.googleapis.com/compute/v1/projects/ubuntu-os-cloud/global/images/ubuntu-2004-focal-v20230616",
                    "labels": {},
                    "size": 10,
                    "type": "pd-standard"
                  }
                ],
                "kms_key_self_link": "",
                "mode": "READ_WRITE",
                "source": "https://www.googleapis.com/compute/v1/projects/studidevops-bigpro-fakhri/zones/us-central1-a/disks/bastion-instance"
              }
            ],
            "can_ip_forward": false,
            "confidential_instance_config": [],
            "cpu_platform": "Intel Haswell",
            "current_status": "RUNNING",
            "deletion_protection": false,
            "description": "",
            "desired_status": null,
            "enable_display": false,
            "guest_accelerator": [],
            "hostname": "",
            "id": "projects/studidevops-bigpro-fakhri/zones/us-central1-a/instances/bastion-instance",
            "instance_id": "1650738140375151564",
            "label_fingerprint": "42WmSpB8rSM=",
            "labels": {},
            "machine_type": "n1-standard-1",
            "metadata": {
              "ssh-keys": "fakhri:ssh-rsa AAAAB3NzaC1yc2EAAAADAQABAAABgQDMKsCC8rJUvA8jwemWvMdk2RQ0VheM71DAXqi6tCqg8R8+DUp9p76GudmKOlIe/PnagAaJYTDSQDGujKfugiUObVDOlVrDL8wKrz3sTsXXeg7K8JUiDC4EAYrgf+MW2ETCf2mTKxF30pdU+7ZOLBKwH45spT1ZNyHOHpybG+k859zVzY87XKDsrPL8S1wfe6eET6TrXHuRPyPAkYqbLYseQtu2Ua132NioNcW68So356HTEsRHQrHnc7xHSFol+8NfGy/QRPiTy5zvYhqA8LzolX6K56I3nIA7dQ20GqxrKD+JtZPKEftRYQhPEqvlwPrD6vFV16ZImixNfT6108kbqxYjkbJFB9KK91D1PE2rQovJmYmAzQE8FEK4H7uIwfdr73wdlO0LmGmjopzUpEIxXrysUfhUItW48LjqZgxOxG/jVj4wIRKC7MhFrcLzxnMasZKcWgEWw/ohebRuhmP0tdh03rgb7Ihq09XuCER1Xtxukbg5TP91bjnLI4VDu/c= faseero0@mint"
            },
            "metadata_fingerprint": "xWJ1DgECsr0=",
            "metadata_startup_script": null,
            "min_cpu_platform": "",
            "name": "bastion-instance",
            "network_interface": [
              {
                "access_config": [
                  {
                    "nat_ip": "34.71.96.70",
                    "network_tier": "PREMIUM",
                    "public_ptr_domain_name": ""
                  }
                ],
                "alias_ip_range": [],
                "ipv6_access_config": [],
                "ipv6_access_type": "",
                "name": "nic0",
                "network": "https://www.googleapis.com/compute/v1/projects/studidevops-bigpro-fakhri/global/networks/bigpro-vpc",
                "network_ip": "10.0.0.2",
                "nic_type": "",
                "queue_count": 0,
                "stack_type": "IPV4_ONLY",
                "subnetwork": "https://www.googleapis.com/compute/v1/projects/studidevops-bigpro-fakhri/regions/us-central1/subnetworks/bigpro-subnet",
                "subnetwork_project": "studidevops-bigpro-fakhri"
              }
            ],
            "network_performance_config": [],
            "project": "studidevops-bigpro-fakhri",
            "reservation_affinity": [],
            "resource_policies": [],
            "scheduling": [
              {
                "automatic_restart": true,
                "instance_termination_action": "",
                "min_node_cpus": 0,
                "node_affinities": [],
                "on_host_maintenance": "MIGRATE",
                "preemptible": false,
                "provisioning_model": "STANDARD"
              }
            ],
            "scratch_disk": [],
            "self_link": "https://www.googleapis.com/compute/v1/projects/studidevops-bigpro-fakhri/zones/us-central1-a/instances/bastion-instance",
            "service_account": [],
            "shielded_instance_config": [
              {
                "enable_integrity_monitoring": true,
                "enable_secure_boot": false,
                "enable_vtpm": true
              }
            ],
            "tags": [
              "allow-http",
              "allow-ssh"
            ],
            "tags_fingerprint": "LfyOV3jN6cE=",
            "timeouts": null,
            "zone": "us-central1-a"
          },
          "sensitive_attributes": [],
          "private": "eyJlMmJmYjczMC1lY2FhLTExZTYtOGY4OC0zNDM2M2JjN2M0YzAiOnsiY3JlYXRlIjoxMjAwMDAwMDAwMDAwLCJkZWxldGUiOjEyMDAwMDAwMDAwMDAsInVwZGF0ZSI6MTIwMDAwMDAwMDAwMH0sInNjaGVtYV92ZXJzaW9uIjoiNiJ9",
          "dependencies": [
            "module.bigpro_subnet.google_compute_subnetwork.subnet",
            "module.bigpro_vpc.google_compute_network.network"
          ]
        }
      ]
    },
    {
      "module": "module.ssh_firewall_rules",
      "mode": "managed",
      "type": "google_compute_firewall",
      "name": "rules",
      "provider": "provider[\"registry.terraform.io/hashicorp/google\"]",
      "instances": [
        {
          "schema_version": 1,
          "attributes": {
            "allow": [
              {
                "ports": [
                  "22"
                ],
                "protocol": "tcp"
              }
            ],
            "creation_timestamp": "2023-06-20T18:06:25.661-07:00",
            "deny": [],
            "description": "Creates firewall rule targeting tagged instances",
            "destination_ranges": [],
            "direction": "INGRESS",
            "disabled": false,
            "enable_logging": null,
            "id": "projects/studidevops-bigpro-fakhri/global/firewalls/allow-ssh",
            "log_config": [],
            "name": "allow-ssh",
            "network": "https://www.googleapis.com/compute/v1/projects/studidevops-bigpro-fakhri/global/networks/bigpro-vpc",
            "priority": 1000,
            "project": "studidevops-bigpro-fakhri",
            "self_link": "https://www.googleapis.com/compute/v1/projects/studidevops-bigpro-fakhri/global/firewalls/allow-ssh",
            "source_ranges": [
              "0.0.0.0/0"
            ],
            "source_service_accounts": [],
            "source_tags": [],
            "target_service_accounts": [],
            "target_tags": [
              "allow-ssh"
            ],
            "timeouts": null
          },
          "sensitive_attributes": [],
          "private": "eyJlMmJmYjczMC1lY2FhLTExZTYtOGY4OC0zNDM2M2JjN2M0YzAiOnsiY3JlYXRlIjoxMjAwMDAwMDAwMDAwLCJkZWxldGUiOjEyMDAwMDAwMDAwMDAsInVwZGF0ZSI6MTIwMDAwMDAwMDAwMH0sInNjaGVtYV92ZXJzaW9uIjoiMSJ9",
          "dependencies": [
            "module.bigpro_vpc.google_compute_network.network"
          ]
        }
      ]
    }
  ],
  "check_results": null
}
