{
  "version": 4,
  "terraform_version": "1.3.8",
  "serial": 115,
  "lineage": "dcc2721b-45d4-f401-6dfe-718d7824f415",
  "outputs": {
    "bastion_instance_ip": {
      "value": "",
      "type": "string"
    },
    "jenkins_instance_ip": {
      "value": "",
      "type": "string"
    }
  },
  "resources": [
    {
      "module": "module.bigpro_subnet",
      "mode": "managed",
      "type": "google_compute_subnetwork",
      "name": "subnet",
      "provider": "provider[\"registry.terraform.io/hashicorp/google\"]",
      "instances": [
        {
          "schema_version": 0,
          "attributes": {
            "creation_timestamp": "2023-06-20T18:06:25.736-07:00",
            "description": "",
            "external_ipv6_prefix": "",
            "fingerprint": null,
            "gateway_address": "10.0.0.1",
            "id": "projects/studidevops-bigpro-fakhri/regions/us-central1/subnetworks/bigpro-subnet",
            "ip_cidr_range": "10.0.0.0/24",
            "ipv6_access_type": "",
            "ipv6_cidr_range": "",
            "log_config": [],
            "name": "bigpro-subnet",
            "network": "https://www.googleapis.com/compute/v1/projects/studidevops-bigpro-fakhri/global/networks/bigpro-vpc",
            "private_ip_google_access": false,
            "private_ipv6_google_access": "DISABLE_GOOGLE_ACCESS",
            "project": "studidevops-bigpro-fakhri",
            "purpose": "PRIVATE",
            "region": "us-central1",
            "role": "",
            "secondary_ip_range": [],
            "self_link": "https://www.googleapis.com/compute/v1/projects/studidevops-bigpro-fakhri/regions/us-central1/subnetworks/bigpro-subnet",
            "stack_type": "IPV4_ONLY",
            "timeouts": null
          },
          "sensitive_attributes": [],
          "private": "eyJlMmJmYjczMC1lY2FhLTExZTYtOGY4OC0zNDM2M2JjN2M0YzAiOnsiY3JlYXRlIjoxMjAwMDAwMDAwMDAwLCJkZWxldGUiOjEyMDAwMDAwMDAwMDAsInVwZGF0ZSI6MTIwMDAwMDAwMDAwMH19",
          "dependencies": [
            "module.bigpro_vpc.google_compute_network.network"
          ]
        }
      ]
    },
    {
      "module": "module.bigpro_vpc",
      "mode": "managed",
      "type": "google_compute_network",
      "name": "network",
      "provider": "provider[\"registry.terraform.io/hashicorp/google\"]",
      "instances": [
        {
          "schema_version": 0,
          "attributes": {
            "auto_create_subnetworks": false,
            "delete_default_routes_on_create": false,
            "description": "",
            "enable_ula_internal_ipv6": false,
            "gateway_ipv4": "",
            "id": "projects/studidevops-bigpro-fakhri/global/networks/bigpro-vpc",
            "internal_ipv6_range": "",
            "mtu": 0,
            "name": "bigpro-vpc",
            "network_firewall_policy_enforcement_order": "AFTER_CLASSIC_FIREWALL",
            "project": "studidevops-bigpro-fakhri",
            "routing_mode": "REGIONAL",
            "self_link": "https://www.googleapis.com/compute/v1/projects/studidevops-bigpro-fakhri/global/networks/bigpro-vpc",
            "timeouts": null
          },
          "sensitive_attributes": [],
          "private": "eyJlMmJmYjczMC1lY2FhLTExZTYtOGY4OC0zNDM2M2JjN2M0YzAiOnsiY3JlYXRlIjoxMjAwMDAwMDAwMDAwLCJkZWxldGUiOjEyMDAwMDAwMDAwMDAsInVwZGF0ZSI6MTIwMDAwMDAwMDAwMH19"
        }
      ]
    },
    {
      "module": "module.bp-db-instances",
      "mode": "managed",
      "type": "google_sql_database",
      "name": "sql_database",
      "provider": "provider[\"registry.terraform.io/hashicorp/google\"]",
      "instances": [
        {
          "schema_version": 0,
          "attributes": {
            "charset": "utf8",
            "collation": "utf8_general_ci",
            "deletion_policy": "DELETE",
            "id": "projects/studidevops-bigpro-fakhri/instances/bp-db-instance/databases/db-prod",
            "instance": "bp-db-instance",
            "name": "db-prod",
            "project": "studidevops-bigpro-fakhri",
            "self_link": "https://sqladmin.googleapis.com/sql/v1beta4/projects/studidevops-bigpro-fakhri/instances/bp-db-instance/databases/db-prod",
            "timeouts": null
          },
          "sensitive_attributes": [],
          "private": "eyJlMmJmYjczMC1lY2FhLTExZTYtOGY4OC0zNDM2M2JjN2M0YzAiOnsiY3JlYXRlIjoxMjAwMDAwMDAwMDAwLCJkZWxldGUiOjEyMDAwMDAwMDAwMDAsInVwZGF0ZSI6MTIwMDAwMDAwMDAwMH19",
          "dependencies": [
            "module.bp-db-instances.google_sql_database_instance.sql_instance"
          ]
        }
      ]
    },
    {
      "module": "module.bp-db-instances",
      "mode": "managed",
      "type": "google_sql_database_instance",
      "name": "sql_instance",
      "provider": "provider[\"registry.terraform.io/hashicorp/google\"]",
      "instances": [
        {
          "schema_version": 0,
          "attributes": {
            "available_maintenance_versions": [],
            "clone": [],
            "connection_name": "studidevops-bigpro-fakhri:us-central1:bp-db-instance",
            "database_version": "MYSQL_5_7",
            "deletion_protection": true,
            "encryption_key_name": null,
            "first_ip_address": "34.170.27.209",
            "id": "bp-db-instance",
            "instance_type": "CLOUD_SQL_INSTANCE",
            "ip_address": [
              {
                "ip_address": "34.170.27.209",
                "time_to_retire": "",
                "type": "PRIMARY"
              }
            ],
            "maintenance_version": "MYSQL_5_7_42.R20230530.03_00",
            "master_instance_name": "",
            "name": "bp-db-instance",
            "private_ip_address": "",
            "project": "studidevops-bigpro-fakhri",
            "public_ip_address": "34.170.27.209",
            "region": "us-central1",
            "replica_configuration": [],
            "restore_backup_context": [],
            "root_password": null,
            "self_link": "https://sqladmin.googleapis.com/sql/v1beta4/projects/studidevops-bigpro-fakhri/instances/bp-db-instance",
            "server_ca_cert": [
              {
                "cert": "-----BEGIN CERTIFICATE-----\nMIIDfzCCAmegAwIBAgIBADANBgkqhkiG9w0BAQsFADB3MS0wKwYDVQQuEyQyODIw\nOWE3NS1jYjdlLTQwYTYtOTIzZC0yOWJjMDQ3MjIxN2IxIzAhBgNVBAMTGkdvb2ds\nZSBDbG91ZCBTUUwgU2VydmVyIENBMRQwEgYDVQQKEwtHb29nbGUsIEluYzELMAkG\nA1UEBhMCVVMwHhcNMjMwNjIzMDMwMDE2WhcNMzMwNjIwMDMwMTE2WjB3MS0wKwYD\nVQQuEyQyODIwOWE3NS1jYjdlLTQwYTYtOTIzZC0yOWJjMDQ3MjIxN2IxIzAhBgNV\nBAMTGkdvb2dsZSBDbG91ZCBTUUwgU2VydmVyIENBMRQwEgYDVQQKEwtHb29nbGUs\nIEluYzELMAkGA1UEBhMCVVMwggEiMA0GCSqGSIb3DQEBAQUAA4IBDwAwggEKAoIB\nAQCLiRiDSRgetShqusrhRqhXldphSajh37j6WddUg2vtKc5njyFoaVvtcZ/O6CT5\nSumPYjx0p37NqK5M7hUZKh//GWoB6NyA3GXDRrLjCoKLNKJwDCvOLbiMLvMTqpl3\nCBnAfKC9XlX/vTT1M+e6LIhKLuDY1DX0ofCZAN3g6QvvTz9yGKZ4G5d53NTp6aow\nRtLNx7o+MKHZXLdqP7XJRzKji82STom98wEEOyo1nYEx3eQgnM/1pN7L0ai6PkV9\n6Bm0gyWdjnWolhSz5rbQ0yf3+PS64+77+AGdY5+PMcQZ7UM7W9B1oXCPUZRKeWiW\nPaCyFIP+7H2jtzmwhBypwLmPAgMBAAGjFjAUMBIGA1UdEwEB/wQIMAYBAf8CAQAw\nDQYJKoZIhvcNAQELBQADggEBAHzwelw2bXDpIurM/6zirqlMqSa/VArSFd0gOoPk\nanuL33mLdPtaUUw5ixQvvWIIDnQgN4muNiH7W9PEdKtT+Z+1La0+rVYOkkUcJfnn\nz8PRsmSNv3g2VISjbp3eKTxc/cf4X/Xo8a5Y2WI9tJJ/J+6PA3yoci7yNzPzLYBm\nrS8TqiV/X0QlSQdiDouWF8Eq3uF2zrwLevEBr+wKTKEoNUbH1uJKUD8y55UtTCEz\ntoB5+X1S36zrNl3b942Lre6XKjW3fr5PqOEtBQ2gz9h/7/kpkflRY4pY1ObywNhe\n39XXGOfKpBS+8VrYgC7bGcA0IS53CjlSvL0m+PRmSOl98JQ=\n-----END CERTIFICATE-----",
                "common_name": "C=US,O=Google\\, Inc,CN=Google Cloud SQL Server CA,dnQualifier=28209a75-cb7e-40a6-923d-29bc0472217b",
                "create_time": "2023-06-23T03:00:16.390Z",
                "expiration_time": "2033-06-20T03:01:16.390Z",
                "sha1_fingerprint": "b05169137239e069b7a9fc768caa4d2830321762"
              }
            ],
            "service_account_email_address": "p1077999016463-cmio6f@gcp-sa-cloud-sql.iam.gserviceaccount.com",
            "settings": [
              {
                "activation_policy": "ALWAYS",
                "active_directory_config": [],
                "advanced_machine_features": [],
                "availability_type": "ZONAL",
                "backup_configuration": [
                  {
                    "backup_retention_settings": [
                      {
                        "retained_backups": 7,
                        "retention_unit": "COUNT"
                      }
                    ],
                    "binary_log_enabled": false,
                    "enabled": false,
                    "location": "",
                    "point_in_time_recovery_enabled": false,
                    "start_time": "14:00",
                    "transaction_log_retention_days": 7
                  }
                ],
                "collation": "",
                "connector_enforcement": "NOT_REQUIRED",
                "database_flags": [],
                "deletion_protection_enabled": false,
                "deny_maintenance_period": [],
                "disk_autoresize": true,
                "disk_autoresize_limit": 0,
                "disk_size": 10,
                "disk_type": "PD_SSD",
                "insights_config": [],
                "ip_configuration": [
                  {
                    "allocated_ip_range": "",
                    "authorized_networks": [],
                    "enable_private_path_for_google_cloud_services": false,
                    "ipv4_enabled": true,
                    "private_network": "",
                    "require_ssl": false
                  }
                ],
                "location_preference": [
                  {
                    "follow_gae_application": "",
                    "secondary_zone": "",
                    "zone": "us-central1-b"
                  }
                ],
                "maintenance_window": [],
                "password_validation_policy": [],
                "pricing_plan": "PER_USE",
                "sql_server_audit_config": [],
                "tier": "db-f1-micro",
                "time_zone": "",
                "user_labels": {},
                "version": 20
              }
            ],
            "timeouts": null
          },
          "sensitive_attributes": [],
          "private": "eyJlMmJmYjczMC1lY2FhLTExZTYtOGY4OC0zNDM2M2JjN2M0YzAiOnsiY3JlYXRlIjoyNDAwMDAwMDAwMDAwLCJkZWxldGUiOjE4MDAwMDAwMDAwMDAsInVwZGF0ZSI6MTgwMDAwMDAwMDAwMH19"
        }
      ]
    },
    {
      "module": "module.bp-db-instances",
      "mode": "managed",
      "type": "google_sql_user",
      "name": "users",
      "provider": "provider[\"registry.terraform.io/hashicorp/google\"]",
      "instances": [
        {
          "schema_version": 1,
          "attributes": {
            "deletion_policy": null,
            "host": "",
            "id": "people//bp-db-instance",
            "instance": "bp-db-instance",
            "name": "people",
            "password": "c0c0d0tB4u",
            "password_policy": [],
            "project": "studidevops-bigpro-fakhri",
            "sql_server_user_details": [],
            "timeouts": null,
            "type": ""
          },
          "sensitive_attributes": [],
          "private": "eyJlMmJmYjczMC1lY2FhLTExZTYtOGY4OC0zNDM2M2JjN2M0YzAiOnsiY3JlYXRlIjo2MDAwMDAwMDAwMDAsImRlbGV0ZSI6NjAwMDAwMDAwMDAwLCJ1cGRhdGUiOjYwMDAwMDAwMDAwMH0sInNjaGVtYV92ZXJzaW9uIjoiMSJ9",
          "dependencies": [
            "module.bp-db-instances.google_sql_database_instance.sql_instance"
          ]
        }
      ]
    },
    {
      "module": "module.devops_bastion",
      "mode": "managed",
      "type": "google_compute_instance",
      "name": "compute_instance",
      "provider": "provider[\"registry.terraform.io/hashicorp/google\"]",
      "instances": [
        {
          "schema_version": 6,
          "attributes": {
            "advanced_machine_features": [],
            "allow_stopping_for_update": null,
            "attached_disk": [],
            "boot_disk": [
              {
                "auto_delete": true,
                "device_name": "persistent-disk-0",
                "disk_encryption_key_raw": "",
                "disk_encryption_key_sha256": "",
                "initialize_params": [
                  {
                    "image": "https://www.googleapis.com/compute/v1/projects/ubuntu-os-cloud/global/images/ubuntu-2004-focal-v20230616",
                    "labels": {},
                    "size": 10,
                    "type": "pd-standard"
                  }
                ],
                "kms_key_self_link": "",
                "mode": "READ_WRITE",
                "source": "https://www.googleapis.com/compute/v1/projects/studidevops-bigpro-fakhri/zones/us-central1-a/disks/bastion-instance"
              }
            ],
            "can_ip_forward": false,
            "confidential_instance_config": [],
            "cpu_platform": "Unknown CPU Platform",
            "current_status": "TERMINATED",
            "deletion_protection": false,
            "description": "",
            "desired_status": "TERMINATED",
            "enable_display": false,
            "guest_accelerator": [],
            "hostname": "",
            "id": "projects/studidevops-bigpro-fakhri/zones/us-central1-a/instances/bastion-instance",
            "instance_id": "1650738140375151564",
            "label_fingerprint": "42WmSpB8rSM=",
            "labels": {},
            "machine_type": "n1-standard-1",
            "metadata": {
              "ssh-keys": "fakhri:ssh-rsa AAAAB3NzaC1yc2EAAAADAQABAAABgQDMKsCC8rJUvA8jwemWvMdk2RQ0VheM71DAXqi6tCqg8R8+DUp9p76GudmKOlIe/PnagAaJYTDSQDGujKfugiUObVDOlVrDL8wKrz3sTsXXeg7K8JUiDC4EAYrgf+MW2ETCf2mTKxF30pdU+7ZOLBKwH45spT1ZNyHOHpybG+k859zVzY87XKDsrPL8S1wfe6eET6TrXHuRPyPAkYqbLYseQtu2Ua132NioNcW68So356HTEsRHQrHnc7xHSFol+8NfGy/QRPiTy5zvYhqA8LzolX6K56I3nIA7dQ20GqxrKD+JtZPKEftRYQhPEqvlwPrD6vFV16ZImixNfT6108kbqxYjkbJFB9KK91D1PE2rQovJmYmAzQE8FEK4H7uIwfdr73wdlO0LmGmjopzUpEIxXrysUfhUItW48LjqZgxOxG/jVj4wIRKC7MhFrcLzxnMasZKcWgEWw/ohebRuhmP0tdh03rgb7Ihq09XuCER1Xtxukbg5TP91bjnLI4VDu/c= faseero0@mint"
            },
            "metadata_fingerprint": "xWJ1DgECsr0=",
            "metadata_startup_script": null,
            "min_cpu_platform": "",
            "name": "bastion-instance",
            "network_interface": [
              {
                "access_config": [
                  {
                    "nat_ip": "",
                    "network_tier": "PREMIUM",
                    "public_ptr_domain_name": ""
                  }
                ],
                "alias_ip_range": [],
                "ipv6_access_config": [],
                "ipv6_access_type": "",
                "name": "nic0",
                "network": "https://www.googleapis.com/compute/v1/projects/studidevops-bigpro-fakhri/global/networks/bigpro-vpc",
                "network_ip": "10.0.0.2",
                "nic_type": "",
                "queue_count": 0,
                "stack_type": "IPV4_ONLY",
                "subnetwork": "https://www.googleapis.com/compute/v1/projects/studidevops-bigpro-fakhri/regions/us-central1/subnetworks/bigpro-subnet",
                "subnetwork_project": "studidevops-bigpro-fakhri"
              }
            ],
            "network_performance_config": [],
            "project": "studidevops-bigpro-fakhri",
            "reservation_affinity": [],
            "resource_policies": [],
            "scheduling": [
              {
                "automatic_restart": true,
                "instance_termination_action": "",
                "min_node_cpus": 0,
                "node_affinities": [],
                "on_host_maintenance": "MIGRATE",
                "preemptible": false,
                "provisioning_model": "STANDARD"
              }
            ],
            "scratch_disk": [],
            "self_link": "https://www.googleapis.com/compute/v1/projects/studidevops-bigpro-fakhri/zones/us-central1-a/instances/bastion-instance",
            "service_account": [],
            "shielded_instance_config": [
              {
                "enable_integrity_monitoring": true,
                "enable_secure_boot": false,
                "enable_vtpm": true
              }
            ],
            "tags": [
              "allow-http",
              "allow-ssh"
            ],
            "tags_fingerprint": "LfyOV3jN6cE=",
            "timeouts": null,
            "zone": "us-central1-a"
          },
          "sensitive_attributes": [],
          "private": "eyJlMmJmYjczMC1lY2FhLTExZTYtOGY4OC0zNDM2M2JjN2M0YzAiOnsiY3JlYXRlIjoxMjAwMDAwMDAwMDAwLCJkZWxldGUiOjEyMDAwMDAwMDAwMDAsInVwZGF0ZSI6MTIwMDAwMDAwMDAwMH0sInNjaGVtYV92ZXJzaW9uIjoiNiJ9",
          "dependencies": [
            "module.bigpro_subnet.google_compute_subnetwork.subnet",
            "module.bigpro_vpc.google_compute_network.network"
          ]
        }
      ]
    },
    {
      "module": "module.grafana_firewall_rules",
      "mode": "managed",
      "type": "google_compute_firewall",
      "name": "rules",
      "provider": "provider[\"registry.terraform.io/hashicorp/google\"]",
      "instances": [
        {
          "schema_version": 1,
          "attributes": {
            "allow": [
              {
                "ports": [
                  "3000"
                ],
                "protocol": "tcp"
              }
            ],
            "creation_timestamp": "2023-06-20T23:19:31.811-07:00",
            "deny": [],
            "description": "Creates firewall rule targeting tagged instances",
            "destination_ranges": [],
            "direction": "INGRESS",
            "disabled": false,
            "enable_logging": null,
            "id": "projects/studidevops-bigpro-fakhri/global/firewalls/allow-grafana",
            "log_config": [],
            "name": "allow-grafana",
            "network": "https://www.googleapis.com/compute/v1/projects/studidevops-bigpro-fakhri/global/networks/bigpro-vpc",
            "priority": 1000,
            "project": "studidevops-bigpro-fakhri",
            "self_link": "https://www.googleapis.com/compute/v1/projects/studidevops-bigpro-fakhri/global/firewalls/allow-grafana",
            "source_ranges": [
              "0.0.0.0/0"
            ],
            "source_service_accounts": [],
            "source_tags": [],
            "target_service_accounts": [],
            "target_tags": [
              "allow-grafana"
            ],
            "timeouts": null
          },
          "sensitive_attributes": [],
          "private": "eyJlMmJmYjczMC1lY2FhLTExZTYtOGY4OC0zNDM2M2JjN2M0YzAiOnsiY3JlYXRlIjoxMjAwMDAwMDAwMDAwLCJkZWxldGUiOjEyMDAwMDAwMDAwMDAsInVwZGF0ZSI6MTIwMDAwMDAwMDAwMH0sInNjaGVtYV92ZXJzaW9uIjoiMSJ9",
          "dependencies": [
            "module.bigpro_vpc.google_compute_network.network"
          ]
        }
      ]
    },
    {
      "module": "module.http_firewall_rules",
      "mode": "managed",
      "type": "google_compute_firewall",
      "name": "rules",
      "provider": "provider[\"registry.terraform.io/hashicorp/google\"]",
      "instances": [
        {
          "schema_version": 1,
          "attributes": {
            "allow": [
              {
                "ports": [
                  "80",
                  "443"
                ],
                "protocol": "tcp"
              }
            ],
            "creation_timestamp": "2023-06-20T20:06:17.207-07:00",
            "deny": [],
            "description": "Creates firewall rule targeting tagged instances",
            "destination_ranges": [],
            "direction": "INGRESS",
            "disabled": false,
            "enable_logging": null,
            "id": "projects/studidevops-bigpro-fakhri/global/firewalls/allow-http",
            "log_config": [],
            "name": "allow-http",
            "network": "https://www.googleapis.com/compute/v1/projects/studidevops-bigpro-fakhri/global/networks/bigpro-vpc",
            "priority": 1000,
            "project": "studidevops-bigpro-fakhri",
            "self_link": "https://www.googleapis.com/compute/v1/projects/studidevops-bigpro-fakhri/global/firewalls/allow-http",
            "source_ranges": [
              "0.0.0.0/0"
            ],
            "source_service_accounts": [],
            "source_tags": [],
            "target_service_accounts": [],
            "target_tags": [
              "allow-http"
            ],
            "timeouts": null
          },
          "sensitive_attributes": [],
          "private": "eyJlMmJmYjczMC1lY2FhLTExZTYtOGY4OC0zNDM2M2JjN2M0YzAiOnsiY3JlYXRlIjoxMjAwMDAwMDAwMDAwLCJkZWxldGUiOjEyMDAwMDAwMDAwMDAsInVwZGF0ZSI6MTIwMDAwMDAwMDAwMH0sInNjaGVtYV92ZXJzaW9uIjoiMSJ9",
          "dependencies": [
            "module.bigpro_vpc.google_compute_network.network"
          ]
        }
      ]
    },
    {
      "module": "module.jenkins_firewall_rules",
      "mode": "managed",
      "type": "google_compute_firewall",
      "name": "rules",
      "provider": "provider[\"registry.terraform.io/hashicorp/google\"]",
      "instances": [
        {
          "schema_version": 1,
          "attributes": {
            "allow": [
              {
                "ports": [
                  "8080"
                ],
                "protocol": "tcp"
              }
            ],
            "creation_timestamp": "2023-06-20T23:19:31.816-07:00",
            "deny": [],
            "description": "Creates firewall rule targeting tagged instances",
            "destination_ranges": [],
            "direction": "INGRESS",
            "disabled": false,
            "enable_logging": null,
            "id": "projects/studidevops-bigpro-fakhri/global/firewalls/allow-jenkins",
            "log_config": [],
            "name": "allow-jenkins",
            "network": "https://www.googleapis.com/compute/v1/projects/studidevops-bigpro-fakhri/global/networks/bigpro-vpc",
            "priority": 1000,
            "project": "studidevops-bigpro-fakhri",
            "self_link": "https://www.googleapis.com/compute/v1/projects/studidevops-bigpro-fakhri/global/firewalls/allow-jenkins",
            "source_ranges": [
              "0.0.0.0/0"
            ],
            "source_service_accounts": [],
            "source_tags": [],
            "target_service_accounts": [],
            "target_tags": [
              "allow-jenkins"
            ],
            "timeouts": null
          },
          "sensitive_attributes": [],
          "private": "eyJlMmJmYjczMC1lY2FhLTExZTYtOGY4OC0zNDM2M2JjN2M0YzAiOnsiY3JlYXRlIjoxMjAwMDAwMDAwMDAwLCJkZWxldGUiOjEyMDAwMDAwMDAwMDAsInVwZGF0ZSI6MTIwMDAwMDAwMDAwMH0sInNjaGVtYV92ZXJzaW9uIjoiMSJ9",
          "dependencies": [
            "module.bigpro_vpc.google_compute_network.network"
          ]
        }
      ]
    },
    {
      "module": "module.jenkins_instance",
      "mode": "managed",
      "type": "google_compute_instance",
      "name": "compute_instance",
      "provider": "provider[\"registry.terraform.io/hashicorp/google\"]",
      "instances": [
        {
          "schema_version": 6,
          "attributes": {
            "advanced_machine_features": [],
            "allow_stopping_for_update": null,
            "attached_disk": [],
            "boot_disk": [
              {
                "auto_delete": true,
                "device_name": "persistent-disk-0",
                "disk_encryption_key_raw": "",
                "disk_encryption_key_sha256": "",
                "initialize_params": [
                  {
                    "image": "https://www.googleapis.com/compute/v1/projects/ubuntu-os-cloud/global/images/ubuntu-2004-focal-v20230616",
                    "labels": {},
                    "size": 10,
                    "type": "pd-standard"
                  }
                ],
                "kms_key_self_link": "",
                "mode": "READ_WRITE",
                "source": "https://www.googleapis.com/compute/v1/projects/studidevops-bigpro-fakhri/zones/us-central1-a/disks/jenkins-instance"
              }
            ],
            "can_ip_forward": false,
            "confidential_instance_config": [],
            "cpu_platform": "Intel Haswell",
            "current_status": "RUNNING",
            "deletion_protection": false,
            "description": "",
            "desired_status": "RUNNING",
            "enable_display": false,
            "guest_accelerator": [],
            "hostname": "",
            "id": "projects/studidevops-bigpro-fakhri/zones/us-central1-a/instances/jenkins-instance",
            "instance_id": "8905121796638845730",
            "label_fingerprint": "42WmSpB8rSM=",
            "labels": {},
            "machine_type": "n1-standard-1",
            "metadata": {
              "ssh-keys": "fakhri:ssh-rsa AAAAB3NzaC1yc2EAAAADAQABAAABgQDMKsCC8rJUvA8jwemWvMdk2RQ0VheM71DAXqi6tCqg8R8+DUp9p76GudmKOlIe/PnagAaJYTDSQDGujKfugiUObVDOlVrDL8wKrz3sTsXXeg7K8JUiDC4EAYrgf+MW2ETCf2mTKxF30pdU+7ZOLBKwH45spT1ZNyHOHpybG+k859zVzY87XKDsrPL8S1wfe6eET6TrXHuRPyPAkYqbLYseQtu2Ua132NioNcW68So356HTEsRHQrHnc7xHSFol+8NfGy/QRPiTy5zvYhqA8LzolX6K56I3nIA7dQ20GqxrKD+JtZPKEftRYQhPEqvlwPrD6vFV16ZImixNfT6108kbqxYjkbJFB9KK91D1PE2rQovJmYmAzQE8FEK4H7uIwfdr73wdlO0LmGmjopzUpEIxXrysUfhUItW48LjqZgxOxG/jVj4wIRKC7MhFrcLzxnMasZKcWgEWw/ohebRuhmP0tdh03rgb7Ihq09XuCER1Xtxukbg5TP91bjnLI4VDu/c= faseero0@mint"
            },
            "metadata_fingerprint": "xWJ1DgECsr0=",
            "metadata_startup_script": null,
            "min_cpu_platform": "",
            "name": "jenkins-instance",
            "network_interface": [
              {
                "access_config": [
                  {
                    "nat_ip": "34.121.31.159",
                    "network_tier": "PREMIUM",
                    "public_ptr_domain_name": ""
                  }
                ],
                "alias_ip_range": [],
                "ipv6_access_config": [],
                "ipv6_access_type": "",
                "name": "nic0",
                "network": "https://www.googleapis.com/compute/v1/projects/studidevops-bigpro-fakhri/global/networks/bigpro-vpc",
                "network_ip": "10.0.0.4",
                "nic_type": "",
                "queue_count": 0,
                "stack_type": "IPV4_ONLY",
                "subnetwork": "https://www.googleapis.com/compute/v1/projects/studidevops-bigpro-fakhri/regions/us-central1/subnetworks/bigpro-subnet",
                "subnetwork_project": "studidevops-bigpro-fakhri"
              }
            ],
            "network_performance_config": [],
            "project": "studidevops-bigpro-fakhri",
            "reservation_affinity": [],
            "resource_policies": [],
            "scheduling": [
              {
                "automatic_restart": true,
                "instance_termination_action": "",
                "min_node_cpus": 0,
                "node_affinities": [],
                "on_host_maintenance": "MIGRATE",
                "preemptible": false,
                "provisioning_model": "STANDARD"
              }
            ],
            "scratch_disk": [],
            "self_link": "https://www.googleapis.com/compute/v1/projects/studidevops-bigpro-fakhri/zones/us-central1-a/instances/jenkins-instance",
            "service_account": [],
            "shielded_instance_config": [
              {
                "enable_integrity_monitoring": true,
                "enable_secure_boot": false,
                "enable_vtpm": true
              }
            ],
            "tags": [
              "allow-jenkins",
              "allow-ssh"
            ],
            "tags_fingerprint": "UUHuzXDUdY8=",
            "timeouts": null,
            "zone": "us-central1-a"
          },
          "sensitive_attributes": [],
          "private": "eyJlMmJmYjczMC1lY2FhLTExZTYtOGY4OC0zNDM2M2JjN2M0YzAiOnsiY3JlYXRlIjoxMjAwMDAwMDAwMDAwLCJkZWxldGUiOjEyMDAwMDAwMDAwMDAsInVwZGF0ZSI6MTIwMDAwMDAwMDAwMH0sInNjaGVtYV92ZXJzaW9uIjoiNiJ9",
          "dependencies": [
            "module.bigpro_subnet.google_compute_subnetwork.subnet",
            "module.bigpro_vpc.google_compute_network.network"
          ]
        }
      ]
    },
    {
      "module": "module.ssh_firewall_rules",
      "mode": "managed",
      "type": "google_compute_firewall",
      "name": "rules",
      "provider": "provider[\"registry.terraform.io/hashicorp/google\"]",
      "instances": [
        {
          "schema_version": 1,
          "attributes": {
            "allow": [
              {
                "ports": [
                  "22"
                ],
                "protocol": "tcp"
              }
            ],
            "creation_timestamp": "2023-06-20T18:06:25.661-07:00",
            "deny": [],
            "description": "Creates firewall rule targeting tagged instances",
            "destination_ranges": [],
            "direction": "INGRESS",
            "disabled": false,
            "enable_logging": null,
            "id": "projects/studidevops-bigpro-fakhri/global/firewalls/allow-ssh",
            "log_config": [],
            "name": "allow-ssh",
            "network": "https://www.googleapis.com/compute/v1/projects/studidevops-bigpro-fakhri/global/networks/bigpro-vpc",
            "priority": 1000,
            "project": "studidevops-bigpro-fakhri",
            "self_link": "https://www.googleapis.com/compute/v1/projects/studidevops-bigpro-fakhri/global/firewalls/allow-ssh",
            "source_ranges": [
              "0.0.0.0/0"
            ],
            "source_service_accounts": [],
            "source_tags": [],
            "target_service_accounts": [],
            "target_tags": [
              "allow-ssh"
            ],
            "timeouts": null
          },
          "sensitive_attributes": [],
          "private": "eyJlMmJmYjczMC1lY2FhLTExZTYtOGY4OC0zNDM2M2JjN2M0YzAiOnsiY3JlYXRlIjoxMjAwMDAwMDAwMDAwLCJkZWxldGUiOjEyMDAwMDAwMDAwMDAsInVwZGF0ZSI6MTIwMDAwMDAwMDAwMH0sInNjaGVtYV92ZXJzaW9uIjoiMSJ9",
          "dependencies": [
            "module.bigpro_vpc.google_compute_network.network"
          ]
        }
      ]
    }
  ],
  "check_results": null
}
